
Microsoft Visual Studio Solution File, Format Version 12.00
# Visual Studio Version 16
VisualStudioVersion = 16.0.32002.261
MinimumVisualStudioVersion = 10.0.40219.1
Project("{FAE04EC0-301F-11D3-BF4B-00C04F79EFBC}") = "akademik_personel", "akademik_personel\akademik_personel.csproj", "{F03F4E77-8B40-452A-9D06-F1AE6BD6E81C}"
EndProject
Global
	GlobalSection(SolutionConfigurationPlatforms) = preSolution
		Debug|Any CPU = Debug|Any CPU
		Release|Any CPU = Release|Any CPU
	EndGlobalSection
	GlobalSection(ProjectConfigurationPlatforms) = postSolution
		{F03F4E77-8B40-452A-9D06-F1AE6BD6E81C}.Debug|Any CPU.ActiveCfg = Debug|Any CPU
		{F03F4E77-8B40-452A-9D06-F1AE6BD6E81C}.Debug|Any CPU.Build.0 = Debug|Any CPU
		{F03F4E77-8B40-452A-9D06-F1AE6BD6E81C}.Release|Any CPU.ActiveCfg = Release|Any CPU
		{F03F4E77-8B40-452A-9D06-F1AE6BD6E81C}.Release|Any CPU.Build.0 = Release|Any CPU
	EndGlobalSection
	GlobalSection(SolutionProperties) = preSolution
		HideSolutionNode = FALSE
	EndGlobalSection
	GlobalSection(ExtensibilityGlobals) = postSolution
		SolutionGuid = {3E9637FA-BF5F-4704-9527-0BDA5C5E4D5C}
	EndGlobalSection
EndGlobal
